
Microsoft Visual Studio Solution File, Format Version 12.00
# Visual Studio Version 17
VisualStudioVersion = 17.7.34024.191
MinimumVisualStudioVersion = 10.0.40219.1
Project("{FAE04EC0-301F-11D3-BF4B-00C04F79EFBC}") = "Week8EpicGame", "Week8EpicGame\Week8EpicGame.csproj", "{20A56337-894C-4D5B-839D-1F9D02B665ED}"
EndProject
Global
	GlobalSection(SolutionConfigurationPlatforms) = preSolution
		Debug|Any CPU = Debug|Any CPU
		Release|Any CPU = Release|Any CPU
	EndGlobalSection
	GlobalSection(ProjectConfigurationPlatforms) = postSolution
		{20A56337-894C-4D5B-839D-1F9D02B665ED}.Debug|Any CPU.ActiveCfg = Debug|Any CPU
		{20A56337-894C-4D5B-839D-1F9D02B665ED}.Debug|Any CPU.Build.0 = Debug|Any CPU
		{20A56337-894C-4D5B-839D-1F9D02B665ED}.Release|Any CPU.ActiveCfg = Release|Any CPU
		{20A56337-894C-4D5B-839D-1F9D02B665ED}.Release|Any CPU.Build.0 = Release|Any CPU
	EndGlobalSection
	GlobalSection(SolutionProperties) = preSolution
		HideSolutionNode = FALSE
	EndGlobalSection
	GlobalSection(ExtensibilityGlobals) = postSolution
		SolutionGuid = {15868F64-E1FF-48B5-A2B2-8FF45D4C21C9}
	EndGlobalSection
EndGlobal
